
Microsoft Visual Studio Solution File, Format Version 12.00
# Visual Studio Version 17
VisualStudioVersion = 17.9.34714.143
MinimumVisualStudioVersion = 10.0.40219.1
Project("{9A19103F-16F7-4668-BE54-9A1E7A4F7556}") = "TokensProvider", "TokensProvider\TokensProvider.csproj", "{53531634-83B6-458F-9FE8-C258675FEEA5}"
EndProject
Project("{9A19103F-16F7-4668-BE54-9A1E7A4F7556}") = "TokensProvider.Infrastructure", "TokensProvider.Infrastructure\TokensProvider.Infrastructure.csproj", "{33896B91-94AD-44B8-98D6-933CC9B1AFDD}"
EndProject
Global
	GlobalSection(SolutionConfigurationPlatforms) = preSolution
		Debug|Any CPU = Debug|Any CPU
		Release|Any CPU = Release|Any CPU
	EndGlobalSection
	GlobalSection(ProjectConfigurationPlatforms) = postSolution
		{53531634-83B6-458F-9FE8-C258675FEEA5}.Debug|Any CPU.ActiveCfg = Debug|Any CPU
		{53531634-83B6-458F-9FE8-C258675FEEA5}.Debug|Any CPU.Build.0 = Debug|Any CPU
		{53531634-83B6-458F-9FE8-C258675FEEA5}.Release|Any CPU.ActiveCfg = Release|Any CPU
		{53531634-83B6-458F-9FE8-C258675FEEA5}.Release|Any CPU.Build.0 = Release|Any CPU
		{33896B91-94AD-44B8-98D6-933CC9B1AFDD}.Debug|Any CPU.ActiveCfg = Debug|Any CPU
		{33896B91-94AD-44B8-98D6-933CC9B1AFDD}.Debug|Any CPU.Build.0 = Debug|Any CPU
		{33896B91-94AD-44B8-98D6-933CC9B1AFDD}.Release|Any CPU.ActiveCfg = Release|Any CPU
		{33896B91-94AD-44B8-98D6-933CC9B1AFDD}.Release|Any CPU.Build.0 = Release|Any CPU
	EndGlobalSection
	GlobalSection(SolutionProperties) = preSolution
		HideSolutionNode = FALSE
	EndGlobalSection
	GlobalSection(ExtensibilityGlobals) = postSolution
		SolutionGuid = {91BF94CA-64BB-4D86-8D40-8AF9F4571DD2}
	EndGlobalSection
EndGlobal
